{
  "name": "ecode-template-discord-slash-bot",
  "version": "1.0.0",
  "lockfileVersion": 3,
  "requires": true,
  "packages": {
    "": {
      "name": "ecode-template-discord-slash-bot",
      "version": "1.0.0",
      "dependencies": {
        "@google-cloud/storage": "^7.18.0"
      }
    }
  }
}
